schema: '2.0'
stages:
  Web_Scrapping:
    cmd: python src/Data_Ingestion(Web_Scrapping).py
    deps:
    - path: src/Data_Ingestion(Web_Scrapping).py
      hash: md5
      md5: a63caf7571f1b10e01a63f070f964762
      size: 5503
    outs:
    - path: Data/Raw/agmarknet_data.xlsx
      hash: md5
      md5: 096054edb750a9dbd2e9fb87af0c06ac
      size: 140194
  Data_preprocessing:
    cmd: python src/Data_Preporcessing.py
    deps:
    - path: Data/Raw/agmarknet_data.xlsx
      hash: md5
      md5: 096054edb750a9dbd2e9fb87af0c06ac
      size: 140194
    - path: src/Data_Preporcessing.py
      hash: md5
      md5: 47aff3f027bd1a483f73a22d4bb22312
      size: 6749
    outs:
    - path: Data/Preprocessed/preprocessed_data.csv
      hash: md5
      md5: 119bc8041e1694f207231ce7dc796807
      size: 3302
  Model_Building:
    cmd: python src/Model_Building.py
    deps:
    - path: Data/Preprocessed/preprocessed_data.csv
      hash: md5
      md5: 119bc8041e1694f207231ce7dc796807
      size: 3302
    - path: src/Model_Building.py
      hash: md5
      md5: 162541721bf062012b94264e39efaa98
      size: 5866
    outs:
    - path: models/ARIMA_Model.pkl
      hash: md5
      md5: 4bbab67c07bd483024cba66b413b6564
      size: 194313
  Forecasting:
    cmd: python src/Forecasting.py
    deps:
    - path: models/ARIMA_Model.pkl
      hash: md5
      md5: 4bbab67c07bd483024cba66b413b6564
      size: 194313
    - path: src/Forecasting.py
      hash: md5
      md5: ab6bb3102a1a8ab93c1c62823c60afc8
      size: 5407
    outs:
    - path: Outs/forecasted_prices.csv
      hash: md5
      md5: 1c76528e753e7006566679eb1e8a4d0f
      size: 2006
